<?xml version="1.0" encoding="utf-8"?>
<Project ToolsVersion="4.0" xmlns="http://schemas.microsoft.com/developer/msbuild/2003">
  <ItemGroup>
    <Filter Include="GDLibrary">
      <UniqueIdentifier>{93995380-89BD-4b04-88EB-625FBE52EBFB}</UniqueIdentifier>
      <Extensions>h;hh;hpp;hxx;h++;hm;inl;inc;ipp;xsd</Extensions>
    </Filter>
    <Filter Include="GDEmote">
      <UniqueIdentifier>{4FC737F1-C7A5-4376-A066-2A32D752A2FF}</UniqueIdentifier>
      <Extensions>cpp;c;cc;cxx;c++;cppm;ixx;def;odl;idl;hpj;bat;asm;asmx</Extensions>
    </Filter>
    <Filter Include="EmoteDX11">
      <UniqueIdentifier>{297483e7-f67c-4579-85fa-13dd6c6f731e}</UniqueIdentifier>
    </Filter>
  </ItemGroup>
  <ItemGroup>
    <ClCompile Include="src\GDEmote.cpp">
      <Filter>GDEmote</Filter>
    </ClCompile>
    <ClCompile Include="src\GDLibrary.cpp">
      <Filter>GDLibrary</Filter>
    </ClCompile>
    <ClCompile Include="src\EmoteDX11\d3drendertexture.cpp">
      <Filter>EmoteDX11</Filter>
    </ClCompile>
    <ClCompile Include="src\EmoteDX11\d3dview.cpp">
      <Filter>EmoteDX11</Filter>
    </ClCompile>
    <ClCompile Include="src\EmoteDX11\EmoteTest.cpp">
      <Filter>EmoteDX11</Filter>
    </ClCompile>
  </ItemGroup>
  <ItemGroup>
    <ClInclude Include="src\GDEmote.h">
      <Filter>GDEmote</Filter>
    </ClInclude>
    <ClInclude Include="src\GDLibrary.h">
      <Filter>GDLibrary</Filter>
    </ClInclude>
    <ClInclude Include="src\EmoteDX11\d3drendertexture.h">
      <Filter>EmoteDX11</Filter>
    </ClInclude>
    <ClInclude Include="src\EmoteDX11\d3dview.h">
      <Filter>EmoteDX11</Filter>
    </ClInclude>
    <ClInclude Include="src\EmoteDX11\EmoteTest.h">
      <Filter>EmoteDX11</Filter>
    </ClInclude>
  </ItemGroup>
</Project>